<Solution>
  <Project Path="FastCsvParser.Benchmarks/FastCsvParser.Benchmarks.csproj" Id="d7de936c-d9dc-4d80-a9a8-57eda6ae8a2d" />
  <Project Path="FastCsvParser.Tests/FastCsvParser.Tests.csproj" Id="ecb5985d-c056-4e46-8f10-2a306d818e16" />
  <Project Path="FastCsvParser/FastCsvParser.csproj" />
</Solution>
